
Microsoft Visual Studio Solution File, Format Version 12.00
# Visual Studio 15
VisualStudioVersion = 15.0.28307.329
MinimumVisualStudioVersion = 10.0.40219.1
Project("{FAE04EC0-301F-11D3-BF4B-00C04F79EFBC}") = "TuringMachine", "TuringMachine\TuringMachine.csproj", "{6F450D2F-4C85-4018-919A-D642873CFE66}"
EndProject
Project("{FAE04EC0-301F-11D3-BF4B-00C04F79EFBC}") = "TuringMachineTests", "TuringMachineTests\TuringMachineTests.csproj", "{C175B50D-C2FF-4856-B58C-DF28502B5A9B}"
EndProject
Project("{FAE04EC0-301F-11D3-BF4B-00C04F79EFBC}") = "TuringMachine.Web", "TuringMachine.Web\TuringMachine.Web.csproj", "{202927A1-C441-41FC-8C3A-BCC6B4B5080F}"
EndProject
Global
	GlobalSection(SolutionConfigurationPlatforms) = preSolution
		Debug|Any CPU = Debug|Any CPU
		Release|Any CPU = Release|Any CPU
	EndGlobalSection
	GlobalSection(ProjectConfigurationPlatforms) = postSolution
		{6F450D2F-4C85-4018-919A-D642873CFE66}.Debug|Any CPU.ActiveCfg = Debug|Any CPU
		{6F450D2F-4C85-4018-919A-D642873CFE66}.Debug|Any CPU.Build.0 = Debug|Any CPU
		{6F450D2F-4C85-4018-919A-D642873CFE66}.Release|Any CPU.ActiveCfg = Release|Any CPU
		{6F450D2F-4C85-4018-919A-D642873CFE66}.Release|Any CPU.Build.0 = Release|Any CPU
		{C175B50D-C2FF-4856-B58C-DF28502B5A9B}.Debug|Any CPU.ActiveCfg = Debug|Any CPU
		{C175B50D-C2FF-4856-B58C-DF28502B5A9B}.Debug|Any CPU.Build.0 = Debug|Any CPU
		{C175B50D-C2FF-4856-B58C-DF28502B5A9B}.Release|Any CPU.ActiveCfg = Release|Any CPU
		{C175B50D-C2FF-4856-B58C-DF28502B5A9B}.Release|Any CPU.Build.0 = Release|Any CPU
		{202927A1-C441-41FC-8C3A-BCC6B4B5080F}.Debug|Any CPU.ActiveCfg = Debug|Any CPU
		{202927A1-C441-41FC-8C3A-BCC6B4B5080F}.Debug|Any CPU.Build.0 = Debug|Any CPU
		{202927A1-C441-41FC-8C3A-BCC6B4B5080F}.Release|Any CPU.ActiveCfg = Release|Any CPU
		{202927A1-C441-41FC-8C3A-BCC6B4B5080F}.Release|Any CPU.Build.0 = Release|Any CPU
	EndGlobalSection
	GlobalSection(SolutionProperties) = preSolution
		HideSolutionNode = FALSE
	EndGlobalSection
	GlobalSection(ExtensibilityGlobals) = postSolution
		SolutionGuid = {77B28010-42C5-450C-AAF1-A99F81BCD307}
	EndGlobalSection
EndGlobal
